{
	"name": "kaspeak-sdk",
	"version": "0.0.1",
	"lockfileVersion": 3,
	"requires": true,
	"packages": {
		"": {
			"name": "kaspeak-sdk",
			"version": "0.0.1",
			"dependencies": {
				"@bokuweb/zstd-wasm": "^0.0.27",
				"@noble/hashes": "^1.8.0",
				"@noble/secp256k1": "^2.2.3",
				"@stablelib/xchacha20poly1305": "^2.0.1",
				"bn.js": "^5.2.2",
				"cborg": "^4.2.12",
				"elliptic": "^6.6.1",
				"kaspa-wasm": "github:kaspeak/kaspa-wasm#v1.0.0",
				"loglevel": "^1.9.2"
			},
			"devDependencies": {
				"@types/bn.js": "^5.2.0",
				"@types/elliptic": "^6.4.18",
				"esbuild": "^0.25.5",
				"typedoc": "^0.28.5",
				"typedoc-plugin-markdown": "^4.7.0",
				"typescript": "^5.8.3"
			}
		},
		"node_modules/@bokuweb/zstd-wasm": {
			"version": "0.0.27",
			"resolved": "https://registry.npmjs.org/@bokuweb/zstd-wasm/-/zstd-wasm-0.0.27.tgz",
			"integrity": "sha512-GDm2uOTK3ESjnYmSeLQifJnBsRCWajKLvN32D2ZcQaaCIJI/Hse9s74f7APXjHit95S10UImsRGkTsbwHmrtmg==",
			"license": "MIT"
		},
		"node_modules/@esbuild/aix-ppc64": {
			"version": "0.25.5",
			"resolved": "https://registry.npmjs.org/@esbuild/aix-ppc64/-/aix-ppc64-0.25.5.tgz",
			"integrity": "sha512-9o3TMmpmftaCMepOdA5k/yDw8SfInyzWWTjYTFCX3kPSDJMROQTb8jg+h9Cnwnmm1vOzvxN7gIfB5V2ewpjtGA==",
			"cpu": [
				"ppc64"
			],
			"dev": true,
			"license": "MIT",
			"optional": true,
			"os": [
				"aix"
			],
			"engines": {
				"node": ">=18"
			}
		},
		"node_modules/@esbuild/android-arm": {
			"version": "0.25.5",
			"resolved": "https://registry.npmjs.org/@esbuild/android-arm/-/android-arm-0.25.5.tgz",
			"integrity": "sha512-AdJKSPeEHgi7/ZhuIPtcQKr5RQdo6OO2IL87JkianiMYMPbCtot9fxPbrMiBADOWWm3T2si9stAiVsGbTQFkbA==",
			"cpu": [
				"arm"
			],
			"dev": true,
			"license": "MIT",
			"optional": true,
			"os": [
				"android"
			],
			"engines": {
				"node": ">=18"
			}
		},
		"node_modules/@esbuild/android-arm64": {
			"version": "0.25.5",
			"resolved": "https://registry.npmjs.org/@esbuild/android-arm64/-/android-arm64-0.25.5.tgz",
			"integrity": "sha512-VGzGhj4lJO+TVGV1v8ntCZWJktV7SGCs3Pn1GRWI1SBFtRALoomm8k5E9Pmwg3HOAal2VDc2F9+PM/rEY6oIDg==",
			"cpu": [
				"arm64"
			],
			"dev": true,
			"license": "MIT",
			"optional": true,
			"os": [
				"android"
			],
			"engines": {
				"node": ">=18"
			}
		},
		"node_modules/@esbuild/android-x64": {
			"version": "0.25.5",
			"resolved": "https://registry.npmjs.org/@esbuild/android-x64/-/android-x64-0.25.5.tgz",
			"integrity": "sha512-D2GyJT1kjvO//drbRT3Hib9XPwQeWd9vZoBJn+bu/lVsOZ13cqNdDeqIF/xQ5/VmWvMduP6AmXvylO/PIc2isw==",
			"cpu": [
				"x64"
			],
			"dev": true,
			"license": "MIT",
			"optional": true,
			"os": [
				"android"
			],
			"engines": {
				"node": ">=18"
			}
		},
		"node_modules/@esbuild/darwin-arm64": {
			"version": "0.25.5",
			"resolved": "https://registry.npmjs.org/@esbuild/darwin-arm64/-/darwin-arm64-0.25.5.tgz",
			"integrity": "sha512-GtaBgammVvdF7aPIgH2jxMDdivezgFu6iKpmT+48+F8Hhg5J/sfnDieg0aeG/jfSvkYQU2/pceFPDKlqZzwnfQ==",
			"cpu": [
				"arm64"
			],
			"dev": true,
			"license": "MIT",
			"optional": true,
			"os": [
				"darwin"
			],
			"engines": {
				"node": ">=18"
			}
		},
		"node_modules/@esbuild/darwin-x64": {
			"version": "0.25.5",
			"resolved": "https://registry.npmjs.org/@esbuild/darwin-x64/-/darwin-x64-0.25.5.tgz",
			"integrity": "sha512-1iT4FVL0dJ76/q1wd7XDsXrSW+oLoquptvh4CLR4kITDtqi2e/xwXwdCVH8hVHU43wgJdsq7Gxuzcs6Iq/7bxQ==",
			"cpu": [
				"x64"
			],
			"dev": true,
			"license": "MIT",
			"optional": true,
			"os": [
				"darwin"
			],
			"engines": {
				"node": ">=18"
			}
		},
		"node_modules/@esbuild/freebsd-arm64": {
			"version": "0.25.5",
			"resolved": "https://registry.npmjs.org/@esbuild/freebsd-arm64/-/freebsd-arm64-0.25.5.tgz",
			"integrity": "sha512-nk4tGP3JThz4La38Uy/gzyXtpkPW8zSAmoUhK9xKKXdBCzKODMc2adkB2+8om9BDYugz+uGV7sLmpTYzvmz6Sw==",
			"cpu": [
				"arm64"
			],
			"dev": true,
			"license": "MIT",
			"optional": true,
			"os": [
				"freebsd"
			],
			"engines": {
				"node": ">=18"
			}
		},
		"node_modules/@esbuild/freebsd-x64": {
			"version": "0.25.5",
			"resolved": "https://registry.npmjs.org/@esbuild/freebsd-x64/-/freebsd-x64-0.25.5.tgz",
			"integrity": "sha512-PrikaNjiXdR2laW6OIjlbeuCPrPaAl0IwPIaRv+SMV8CiM8i2LqVUHFC1+8eORgWyY7yhQY+2U2fA55mBzReaw==",
			"cpu": [
				"x64"
			],
			"dev": true,
			"license": "MIT",
			"optional": true,
			"os": [
				"freebsd"
			],
			"engines": {
				"node": ">=18"
			}
		},
		"node_modules/@esbuild/linux-arm": {
			"version": "0.25.5",
			"resolved": "https://registry.npmjs.org/@esbuild/linux-arm/-/linux-arm-0.25.5.tgz",
			"integrity": "sha512-cPzojwW2okgh7ZlRpcBEtsX7WBuqbLrNXqLU89GxWbNt6uIg78ET82qifUy3W6OVww6ZWobWub5oqZOVtwolfw==",
			"cpu": [
				"arm"
			],
			"dev": true,
			"license": "MIT",
			"optional": true,
			"os": [
				"linux"
			],
			"engines": {
				"node": ">=18"
			}
		},
		"node_modules/@esbuild/linux-arm64": {
			"version": "0.25.5",
			"resolved": "https://registry.npmjs.org/@esbuild/linux-arm64/-/linux-arm64-0.25.5.tgz",
			"integrity": "sha512-Z9kfb1v6ZlGbWj8EJk9T6czVEjjq2ntSYLY2cw6pAZl4oKtfgQuS4HOq41M/BcoLPzrUbNd+R4BXFyH//nHxVg==",
			"cpu": [
				"arm64"
			],
			"dev": true,
			"license": "MIT",
			"optional": true,
			"os": [
				"linux"
			],
			"engines": {
				"node": ">=18"
			}
		},
		"node_modules/@esbuild/linux-ia32": {
			"version": "0.25.5",
			"resolved": "https://registry.npmjs.org/@esbuild/linux-ia32/-/linux-ia32-0.25.5.tgz",
			"integrity": "sha512-sQ7l00M8bSv36GLV95BVAdhJ2QsIbCuCjh/uYrWiMQSUuV+LpXwIqhgJDcvMTj+VsQmqAHL2yYaasENvJ7CDKA==",
			"cpu": [
				"ia32"
			],
			"dev": true,
			"license": "MIT",
			"optional": true,
			"os": [
				"linux"
			],
			"engines": {
				"node": ">=18"
			}
		},
		"node_modules/@esbuild/linux-loong64": {
			"version": "0.25.5",
			"resolved": "https://registry.npmjs.org/@esbuild/linux-loong64/-/linux-loong64-0.25.5.tgz",
			"integrity": "sha512-0ur7ae16hDUC4OL5iEnDb0tZHDxYmuQyhKhsPBV8f99f6Z9KQM02g33f93rNH5A30agMS46u2HP6qTdEt6Q1kg==",
			"cpu": [
				"loong64"
			],
			"dev": true,
			"license": "MIT",
			"optional": true,
			"os": [
				"linux"
			],
			"engines": {
				"node": ">=18"
			}
		},
		"node_modules/@esbuild/linux-mips64el": {
			"version": "0.25.5",
			"resolved": "https://registry.npmjs.org/@esbuild/linux-mips64el/-/linux-mips64el-0.25.5.tgz",
			"integrity": "sha512-kB/66P1OsHO5zLz0i6X0RxlQ+3cu0mkxS3TKFvkb5lin6uwZ/ttOkP3Z8lfR9mJOBk14ZwZ9182SIIWFGNmqmg==",
			"cpu": [
				"mips64el"
			],
			"dev": true,
			"license": "MIT",
			"optional": true,
			"os": [
				"linux"
			],
			"engines": {
				"node": ">=18"
			}
		},
		"node_modules/@esbuild/linux-ppc64": {
			"version": "0.25.5",
			"resolved": "https://registry.npmjs.org/@esbuild/linux-ppc64/-/linux-ppc64-0.25.5.tgz",
			"integrity": "sha512-UZCmJ7r9X2fe2D6jBmkLBMQetXPXIsZjQJCjgwpVDz+YMcS6oFR27alkgGv3Oqkv07bxdvw7fyB71/olceJhkQ==",
			"cpu": [
				"ppc64"
			],
			"dev": true,
			"license": "MIT",
			"optional": true,
			"os": [
				"linux"
			],
			"engines": {
				"node": ">=18"
			}
		},
		"node_modules/@esbuild/linux-riscv64": {
			"version": "0.25.5",
			"resolved": "https://registry.npmjs.org/@esbuild/linux-riscv64/-/linux-riscv64-0.25.5.tgz",
			"integrity": "sha512-kTxwu4mLyeOlsVIFPfQo+fQJAV9mh24xL+y+Bm6ej067sYANjyEw1dNHmvoqxJUCMnkBdKpvOn0Ahql6+4VyeA==",
			"cpu": [
				"riscv64"
			],
			"dev": true,
			"license": "MIT",
			"optional": true,
			"os": [
				"linux"
			],
			"engines": {
				"node": ">=18"
			}
		},
		"node_modules/@esbuild/linux-s390x": {
			"version": "0.25.5",
			"resolved": "https://registry.npmjs.org/@esbuild/linux-s390x/-/linux-s390x-0.25.5.tgz",
			"integrity": "sha512-K2dSKTKfmdh78uJ3NcWFiqyRrimfdinS5ErLSn3vluHNeHVnBAFWC8a4X5N+7FgVE1EjXS1QDZbpqZBjfrqMTQ==",
			"cpu": [
				"s390x"
			],
			"dev": true,
			"license": "MIT",
			"optional": true,
			"os": [
				"linux"
			],
			"engines": {
				"node": ">=18"
			}
		},
		"node_modules/@esbuild/linux-x64": {
			"version": "0.25.5",
			"resolved": "https://registry.npmjs.org/@esbuild/linux-x64/-/linux-x64-0.25.5.tgz",
			"integrity": "sha512-uhj8N2obKTE6pSZ+aMUbqq+1nXxNjZIIjCjGLfsWvVpy7gKCOL6rsY1MhRh9zLtUtAI7vpgLMK6DxjO8Qm9lJw==",
			"cpu": [
				"x64"
			],
			"dev": true,
			"license": "MIT",
			"optional": true,
			"os": [
				"linux"
			],
			"engines": {
				"node": ">=18"
			}
		},
		"node_modules/@esbuild/netbsd-arm64": {
			"version": "0.25.5",
			"resolved": "https://registry.npmjs.org/@esbuild/netbsd-arm64/-/netbsd-arm64-0.25.5.tgz",
			"integrity": "sha512-pwHtMP9viAy1oHPvgxtOv+OkduK5ugofNTVDilIzBLpoWAM16r7b/mxBvfpuQDpRQFMfuVr5aLcn4yveGvBZvw==",
			"cpu": [
				"arm64"
			],
			"dev": true,
			"license": "MIT",
			"optional": true,
			"os": [
				"netbsd"
			],
			"engines": {
				"node": ">=18"
			}
		},
		"node_modules/@esbuild/netbsd-x64": {
			"version": "0.25.5",
			"resolved": "https://registry.npmjs.org/@esbuild/netbsd-x64/-/netbsd-x64-0.25.5.tgz",
			"integrity": "sha512-WOb5fKrvVTRMfWFNCroYWWklbnXH0Q5rZppjq0vQIdlsQKuw6mdSihwSo4RV/YdQ5UCKKvBy7/0ZZYLBZKIbwQ==",
			"cpu": [
				"x64"
			],
			"dev": true,
			"license": "MIT",
			"optional": true,
			"os": [
				"netbsd"
			],
			"engines": {
				"node": ">=18"
			}
		},
		"node_modules/@esbuild/openbsd-arm64": {
			"version": "0.25.5",
			"resolved": "https://registry.npmjs.org/@esbuild/openbsd-arm64/-/openbsd-arm64-0.25.5.tgz",
			"integrity": "sha512-7A208+uQKgTxHd0G0uqZO8UjK2R0DDb4fDmERtARjSHWxqMTye4Erz4zZafx7Di9Cv+lNHYuncAkiGFySoD+Mw==",
			"cpu": [
				"arm64"
			],
			"dev": true,
			"license": "MIT",
			"optional": true,
			"os": [
				"openbsd"
			],
			"engines": {
				"node": ">=18"
			}
		},
		"node_modules/@esbuild/openbsd-x64": {
			"version": "0.25.5",
			"resolved": "https://registry.npmjs.org/@esbuild/openbsd-x64/-/openbsd-x64-0.25.5.tgz",
			"integrity": "sha512-G4hE405ErTWraiZ8UiSoesH8DaCsMm0Cay4fsFWOOUcz8b8rC6uCvnagr+gnioEjWn0wC+o1/TAHt+It+MpIMg==",
			"cpu": [
				"x64"
			],
			"dev": true,
			"license": "MIT",
			"optional": true,
			"os": [
				"openbsd"
			],
			"engines": {
				"node": ">=18"
			}
		},
		"node_modules/@esbuild/sunos-x64": {
			"version": "0.25.5",
			"resolved": "https://registry.npmjs.org/@esbuild/sunos-x64/-/sunos-x64-0.25.5.tgz",
			"integrity": "sha512-l+azKShMy7FxzY0Rj4RCt5VD/q8mG/e+mDivgspo+yL8zW7qEwctQ6YqKX34DTEleFAvCIUviCFX1SDZRSyMQA==",
			"cpu": [
				"x64"
			],
			"dev": true,
			"license": "MIT",
			"optional": true,
			"os": [
				"sunos"
			],
			"engines": {
				"node": ">=18"
			}
		},
		"node_modules/@esbuild/win32-arm64": {
			"version": "0.25.5",
			"resolved": "https://registry.npmjs.org/@esbuild/win32-arm64/-/win32-arm64-0.25.5.tgz",
			"integrity": "sha512-O2S7SNZzdcFG7eFKgvwUEZ2VG9D/sn/eIiz8XRZ1Q/DO5a3s76Xv0mdBzVM5j5R639lXQmPmSo0iRpHqUUrsxw==",
			"cpu": [
				"arm64"
			],
			"dev": true,
			"license": "MIT",
			"optional": true,
			"os": [
				"win32"
			],
			"engines": {
				"node": ">=18"
			}
		},
		"node_modules/@esbuild/win32-ia32": {
			"version": "0.25.5",
			"resolved": "https://registry.npmjs.org/@esbuild/win32-ia32/-/win32-ia32-0.25.5.tgz",
			"integrity": "sha512-onOJ02pqs9h1iMJ1PQphR+VZv8qBMQ77Klcsqv9CNW2w6yLqoURLcgERAIurY6QE63bbLuqgP9ATqajFLK5AMQ==",
			"cpu": [
				"ia32"
			],
			"dev": true,
			"license": "MIT",
			"optional": true,
			"os": [
				"win32"
			],
			"engines": {
				"node": ">=18"
			}
		},
		"node_modules/@esbuild/win32-x64": {
			"version": "0.25.5",
			"resolved": "https://registry.npmjs.org/@esbuild/win32-x64/-/win32-x64-0.25.5.tgz",
			"integrity": "sha512-TXv6YnJ8ZMVdX+SXWVBo/0p8LTcrUYngpWjvm91TMjjBQii7Oz11Lw5lbDV5Y0TzuhSJHwiH4hEtC1I42mMS0g==",
			"cpu": [
				"x64"
			],
			"dev": true,
			"license": "MIT",
			"optional": true,
			"os": [
				"win32"
			],
			"engines": {
				"node": ">=18"
			}
		},
		"node_modules/@gerrit0/mini-shiki": {
			"version": "3.7.0",
			"resolved": "https://registry.npmjs.org/@gerrit0/mini-shiki/-/mini-shiki-3.7.0.tgz",
			"integrity": "sha512-7iY9wg4FWXmeoFJpUL2u+tsmh0d0jcEJHAIzVxl3TG4KL493JNnisdLAILZ77zcD+z3J0keEXZ+lFzUgzQzPDg==",
			"dev": true,
			"license": "MIT",
			"dependencies": {
				"@shikijs/engine-oniguruma": "^3.7.0",
				"@shikijs/langs": "^3.7.0",
				"@shikijs/themes": "^3.7.0",
				"@shikijs/types": "^3.7.0",
				"@shikijs/vscode-textmate": "^10.0.2"
			}
		},
		"node_modules/@noble/hashes": {
			"version": "1.8.0",
			"resolved": "https://registry.npmjs.org/@noble/hashes/-/hashes-1.8.0.tgz",
			"integrity": "sha512-jCs9ldd7NwzpgXDIf6P3+NrHh9/sD6CQdxHyjQI+h/6rDNo88ypBxxz45UDuZHz9r3tNz7N/VInSVoVdtXEI4A==",
			"license": "MIT",
			"engines": {
				"node": "^14.21.3 || >=16"
			},
			"funding": {
				"url": "https://paulmillr.com/funding/"
			}
		},
		"node_modules/@noble/secp256k1": {
			"version": "2.3.0",
			"resolved": "https://registry.npmjs.org/@noble/secp256k1/-/secp256k1-2.3.0.tgz",
			"integrity": "sha512-0TQed2gcBbIrh7Ccyw+y/uZQvbJwm7Ao4scBUxqpBCcsOlZG0O4KGfjtNAy/li4W8n1xt3dxrwJ0beZ2h2G6Kw==",
			"license": "MIT",
			"funding": {
				"url": "https://paulmillr.com/funding/"
			}
		},
		"node_modules/@shikijs/engine-oniguruma": {
			"version": "3.7.0",
			"resolved": "https://registry.npmjs.org/@shikijs/engine-oniguruma/-/engine-oniguruma-3.7.0.tgz",
			"integrity": "sha512-5BxcD6LjVWsGu4xyaBC5bu8LdNgPCVBnAkWTtOCs/CZxcB22L8rcoWfv7Hh/3WooVjBZmFtyxhgvkQFedPGnFw==",
			"dev": true,
			"license": "MIT",
			"dependencies": {
				"@shikijs/types": "3.7.0",
				"@shikijs/vscode-textmate": "^10.0.2"
			}
		},
		"node_modules/@shikijs/langs": {
			"version": "3.7.0",
			"resolved": "https://registry.npmjs.org/@shikijs/langs/-/langs-3.7.0.tgz",
			"integrity": "sha512-1zYtdfXLr9xDKLTGy5kb7O0zDQsxXiIsw1iIBcNOO8Yi5/Y1qDbJ+0VsFoqTlzdmneO8Ij35g7QKF8kcLyznCQ==",
			"dev": true,
			"license": "MIT",
			"dependencies": {
				"@shikijs/types": "3.7.0"
			}
		},
		"node_modules/@shikijs/themes": {
			"version": "3.7.0",
			"resolved": "https://registry.npmjs.org/@shikijs/themes/-/themes-3.7.0.tgz",
			"integrity": "sha512-VJx8497iZPy5zLiiCTSIaOChIcKQwR0FebwE9S3rcN0+J/GTWwQ1v/bqhTbpbY3zybPKeO8wdammqkpXc4NVjQ==",
			"dev": true,
			"license": "MIT",
			"dependencies": {
				"@shikijs/types": "3.7.0"
			}
		},
		"node_modules/@shikijs/types": {
			"version": "3.7.0",
			"resolved": "https://registry.npmjs.org/@shikijs/types/-/types-3.7.0.tgz",
			"integrity": "sha512-MGaLeaRlSWpnP0XSAum3kP3a8vtcTsITqoEPYdt3lQG3YCdQH4DnEhodkYcNMcU0uW0RffhoD1O3e0vG5eSBBg==",
			"dev": true,
			"license": "MIT",
			"dependencies": {
				"@shikijs/vscode-textmate": "^10.0.2",
				"@types/hast": "^3.0.4"
			}
		},
		"node_modules/@shikijs/vscode-textmate": {
			"version": "10.0.2",
			"resolved": "https://registry.npmjs.org/@shikijs/vscode-textmate/-/vscode-textmate-10.0.2.tgz",
			"integrity": "sha512-83yeghZ2xxin3Nj8z1NMd/NCuca+gsYXswywDy5bHvwlWL8tpTQmzGeUuHd9FC3E/SBEMvzJRwWEOz5gGes9Qg==",
			"dev": true,
			"license": "MIT"
		},
		"node_modules/@stablelib/aead": {
			"version": "2.0.0",
			"resolved": "https://registry.npmjs.org/@stablelib/aead/-/aead-2.0.0.tgz",
			"integrity": "sha512-U/RMANRxbT/ahIpYsPSiFwDFNjADHdnCFfmo09MO1ai2XmerPAOPtMl0qmX7XVvygnACC6ijKDyHBoT2rGyElg==",
			"license": "MIT"
		},
		"node_modules/@stablelib/binary": {
			"version": "2.0.1",
			"resolved": "https://registry.npmjs.org/@stablelib/binary/-/binary-2.0.1.tgz",
			"integrity": "sha512-U9iAO8lXgEDONsA0zPPSgcf3HUBNAqHiJmSHgZz62OvC3Hi2Bhc5kTnQ3S1/L+sthDTHtCMhcEiklmIly6uQ3w==",
			"license": "MIT",
			"dependencies": {
				"@stablelib/int": "^2.0.1"
			}
		},
		"node_modules/@stablelib/chacha": {
			"version": "2.0.1",
			"resolved": "https://registry.npmjs.org/@stablelib/chacha/-/chacha-2.0.1.tgz",
			"integrity": "sha512-lS1FqtNqofxe2vLkRsLli2m3x/XanUyAYRphLhdHumKeIsLbjbCXdCq3Pf/eWiO7G3QlSG5ViqnoVjktzfLWMg==",
			"license": "MIT",
			"dependencies": {
				"@stablelib/binary": "^2.0.1",
				"@stablelib/wipe": "^2.0.1"
			}
		},
		"node_modules/@stablelib/chacha20poly1305": {
			"version": "2.0.1",
			"resolved": "https://registry.npmjs.org/@stablelib/chacha20poly1305/-/chacha20poly1305-2.0.1.tgz",
			"integrity": "sha512-kOoBsXbDPVRlelzXl+5WViycgM19lD7lF3Bc3KWI+DzId0Stc2HlxAfSc+Xpn3RgqSCl1ZNTXr33LegqBhBBaw==",
			"license": "MIT",
			"dependencies": {
				"@stablelib/aead": "^2.0.0",
				"@stablelib/binary": "^2.0.1",
				"@stablelib/chacha": "^2.0.1",
				"@stablelib/constant-time": "^2.0.1",
				"@stablelib/poly1305": "^2.0.1",
				"@stablelib/wipe": "^2.0.1"
			}
		},
		"node_modules/@stablelib/constant-time": {
			"version": "2.0.1",
			"resolved": "https://registry.npmjs.org/@stablelib/constant-time/-/constant-time-2.0.1.tgz",
			"integrity": "sha512-0NWPogffRm+UWBH0+iM5otZmNrVe5OHFIvyoNIVankMAYOQzMwcdVALOVPrB5Ho0dST+Oc3H8/hPh65Z8R/uew==",
			"license": "MIT"
		},
		"node_modules/@stablelib/int": {
			"version": "2.0.1",
			"resolved": "https://registry.npmjs.org/@stablelib/int/-/int-2.0.1.tgz",
			"integrity": "sha512-Ht63fQp3wz/F8U4AlXEPb7hfJOIILs8Lq55jgtD7KueWtyjhVuzcsGLSTAWtZs3XJDZYdF1WcSKn+kBtbzupww==",
			"license": "MIT"
		},
		"node_modules/@stablelib/poly1305": {
			"version": "2.0.1",
			"resolved": "https://registry.npmjs.org/@stablelib/poly1305/-/poly1305-2.0.1.tgz",
			"integrity": "sha512-D8xfZcL/5zeVARJ9I2fZOUCnZvsJx8G4JDQvD+ecsnaCildPtqZDwqqjtOc4cfHAdScrMjOzUVsssjXUTBw3YQ==",
			"license": "MIT",
			"dependencies": {
				"@stablelib/constant-time": "^2.0.1",
				"@stablelib/wipe": "^2.0.1"
			}
		},
		"node_modules/@stablelib/wipe": {
			"version": "2.0.1",
			"resolved": "https://registry.npmjs.org/@stablelib/wipe/-/wipe-2.0.1.tgz",
			"integrity": "sha512-1eU2K9EgOcV4qc9jcP6G72xxZxEm5PfeI5H55l08W95b4oRJaqhmlWRc4xZAm6IVSKhVNxMi66V67hCzzuMTAg==",
			"license": "MIT"
		},
		"node_modules/@stablelib/xchacha20": {
			"version": "2.0.1",
			"resolved": "https://registry.npmjs.org/@stablelib/xchacha20/-/xchacha20-2.0.1.tgz",
			"integrity": "sha512-k55pNv7gIM4mUPU00+nJYTxKiUVNwAtsgrridC0aIU5cVbw9u6qP99x8ENu5eiwOEhZUNg+p3tTOLooCeAOJQA==",
			"license": "MIT",
			"dependencies": {
				"@stablelib/binary": "^2.0.1",
				"@stablelib/chacha": "^2.0.1",
				"@stablelib/wipe": "^2.0.1"
			}
		},
		"node_modules/@stablelib/xchacha20poly1305": {
			"version": "2.0.1",
			"resolved": "https://registry.npmjs.org/@stablelib/xchacha20poly1305/-/xchacha20poly1305-2.0.1.tgz",
			"integrity": "sha512-OUZnnPsd4y5ConoMtADkxiz308vcYrpFT7hzTgXLo5UMyu7aPAP0FaOM+aJAnV+GHBoWp+2ncDOhvtho3VDp7g==",
			"license": "MIT",
			"dependencies": {
				"@stablelib/aead": "^2.0.0",
				"@stablelib/chacha20poly1305": "^2.0.1",
				"@stablelib/constant-time": "^2.0.1",
				"@stablelib/wipe": "^2.0.1",
				"@stablelib/xchacha20": "^2.0.1"
			}
		},
		"node_modules/@types/bn.js": {
			"version": "5.2.0",
			"resolved": "https://registry.npmjs.org/@types/bn.js/-/bn.js-5.2.0.tgz",
			"integrity": "sha512-DLbJ1BPqxvQhIGbeu8VbUC1DiAiahHtAYvA0ZEAa4P31F7IaArc8z3C3BRQdWX4mtLQuABG4yzp76ZrS02Ui1Q==",
			"dev": true,
			"license": "MIT",
			"dependencies": {
				"@types/node": "*"
			}
		},
		"node_modules/@types/elliptic": {
			"version": "6.4.18",
			"resolved": "https://registry.npmjs.org/@types/elliptic/-/elliptic-6.4.18.tgz",
			"integrity": "sha512-UseG6H5vjRiNpQvrhy4VF/JXdA3V/Fp5amvveaL+fs28BZ6xIKJBPnUPRlEaZpysD9MbpfaLi8lbl7PGUAkpWw==",
			"dev": true,
			"license": "MIT",
			"dependencies": {
				"@types/bn.js": "*"
			}
		},
		"node_modules/@types/hast": {
			"version": "3.0.4",
			"resolved": "https://registry.npmjs.org/@types/hast/-/hast-3.0.4.tgz",
			"integrity": "sha512-WPs+bbQw5aCj+x6laNGWLH3wviHtoCv/P3+otBhbOhJgG8qtpdAMlTCxLtsTWA7LH1Oh/bFCHsBn0TPS5m30EQ==",
			"dev": true,
			"license": "MIT",
			"dependencies": {
				"@types/unist": "*"
			}
		},
		"node_modules/@types/node": {
			"version": "24.0.10",
			"resolved": "https://registry.npmjs.org/@types/node/-/node-24.0.10.tgz",
			"integrity": "sha512-ENHwaH+JIRTDIEEbDK6QSQntAYGtbvdDXnMXnZaZ6k13Du1dPMmprkEHIL7ok2Wl2aZevetwTAb5S+7yIF+enA==",
			"dev": true,
			"license": "MIT",
			"dependencies": {
				"undici-types": "~7.8.0"
			}
		},
		"node_modules/@types/unist": {
			"version": "3.0.3",
			"resolved": "https://registry.npmjs.org/@types/unist/-/unist-3.0.3.tgz",
			"integrity": "sha512-ko/gIFJRv177XgZsZcBwnqJN5x/Gien8qNOn0D5bQU/zAzVf9Zt3BlcUiLqhV9y4ARk0GbT3tnUiPNgnTXzc/Q==",
			"dev": true,
			"license": "MIT"
		},
		"node_modules/argparse": {
			"version": "2.0.1",
			"resolved": "https://registry.npmjs.org/argparse/-/argparse-2.0.1.tgz",
			"integrity": "sha512-8+9WqebbFzpX9OR+Wa6O29asIogeRMzcGtAINdpMHHyAg10f05aSFVBbcEqGf/PXw1EjAZ+q2/bEBg3DvurK3Q==",
			"dev": true,
			"license": "Python-2.0"
		},
		"node_modules/balanced-match": {
			"version": "1.0.2",
			"resolved": "https://registry.npmjs.org/balanced-match/-/balanced-match-1.0.2.tgz",
			"integrity": "sha512-3oSeUO0TMV67hN1AmbXsK4yaqU7tjiHlbxRDZOpH0KW9+CeX4bRAaX0Anxt0tx2MrpRpWwQaPwIlISEJhYU5Pw==",
			"dev": true,
			"license": "MIT"
		},
		"node_modules/bn.js": {
			"version": "5.2.2",
			"resolved": "https://registry.npmjs.org/bn.js/-/bn.js-5.2.2.tgz",
			"integrity": "sha512-v2YAxEmKaBLahNwE1mjp4WON6huMNeuDvagFZW+ASCuA/ku0bXR9hSMw0XpiqMoA3+rmnyck/tPRSFQkoC9Cuw==",
			"license": "MIT"
		},
		"node_modules/brace-expansion": {
			"version": "2.0.2",
			"resolved": "https://registry.npmjs.org/brace-expansion/-/brace-expansion-2.0.2.tgz",
			"integrity": "sha512-Jt0vHyM+jmUBqojB7E1NIYadt0vI0Qxjxd2TErW94wDz+E2LAm5vKMXXwg6ZZBTHPuUlDgQHKXvjGBdfcF1ZDQ==",
			"dev": true,
			"license": "MIT",
			"dependencies": {
				"balanced-match": "^1.0.0"
			}
		},
		"node_modules/brorand": {
			"version": "1.1.0",
			"resolved": "https://registry.npmjs.org/brorand/-/brorand-1.1.0.tgz",
			"integrity": "sha512-cKV8tMCEpQs4hK/ik71d6LrPOnpkpGBR0wzxqr68g2m/LB2GxVYQroAjMJZRVM1Y4BCjCKc3vAamxSzOY2RP+w==",
			"license": "MIT"
		},
		"node_modules/cborg": {
			"version": "4.2.12",
			"resolved": "https://registry.npmjs.org/cborg/-/cborg-4.2.12.tgz",
			"integrity": "sha512-z126yLoavS75cdTuiKu61RC3Y3trqtDAgQRa5Q0dpHn1RmqhIedptWXKnk0lQ5yo/GmcV9myvIkzFgZ8GnqSog==",
			"license": "Apache-2.0",
			"bin": {
				"cborg": "lib/bin.js"
			}
		},
		"node_modules/elliptic": {
			"version": "6.6.1",
			"resolved": "https://registry.npmjs.org/elliptic/-/elliptic-6.6.1.tgz",
			"integrity": "sha512-RaddvvMatK2LJHqFJ+YA4WysVN5Ita9E35botqIYspQ4TkRAlCicdzKOjlyv/1Za5RyTNn7di//eEV0uTAfe3g==",
			"license": "MIT",
			"dependencies": {
				"bn.js": "^4.11.9",
				"brorand": "^1.1.0",
				"hash.js": "^1.0.0",
				"hmac-drbg": "^1.0.1",
				"inherits": "^2.0.4",
				"minimalistic-assert": "^1.0.1",
				"minimalistic-crypto-utils": "^1.0.1"
			}
		},
		"node_modules/elliptic/node_modules/bn.js": {
			"version": "4.12.2",
			"resolved": "https://registry.npmjs.org/bn.js/-/bn.js-4.12.2.tgz",
			"integrity": "sha512-n4DSx829VRTRByMRGdjQ9iqsN0Bh4OolPsFnaZBLcbi8iXcB+kJ9s7EnRt4wILZNV3kPLHkRVfOc/HvhC3ovDw==",
			"license": "MIT"
		},
		"node_modules/entities": {
			"version": "4.5.0",
			"resolved": "https://registry.npmjs.org/entities/-/entities-4.5.0.tgz",
			"integrity": "sha512-V0hjH4dGPh9Ao5p0MoRY6BVqtwCjhz6vI5LT8AJ55H+4g9/4vbHx1I54fS0XuclLhDHArPQCiMjDxjaL8fPxhw==",
			"dev": true,
			"license": "BSD-2-Clause",
			"engines": {
				"node": ">=0.12"
			},
			"funding": {
				"url": "https://github.com/fb55/entities?sponsor=1"
			}
		},
		"node_modules/esbuild": {
			"version": "0.25.5",
			"resolved": "https://registry.npmjs.org/esbuild/-/esbuild-0.25.5.tgz",
			"integrity": "sha512-P8OtKZRv/5J5hhz0cUAdu/cLuPIKXpQl1R9pZtvmHWQvrAUVd0UNIPT4IB4W3rNOqVO0rlqHmCIbSwxh/c9yUQ==",
			"dev": true,
			"hasInstallScript": true,
			"license": "MIT",
			"bin": {
				"esbuild": "bin/esbuild"
			},
			"engines": {
				"node": ">=18"
			},
			"optionalDependencies": {
				"@esbuild/aix-ppc64": "0.25.5",
				"@esbuild/android-arm": "0.25.5",
				"@esbuild/android-arm64": "0.25.5",
				"@esbuild/android-x64": "0.25.5",
				"@esbuild/darwin-arm64": "0.25.5",
				"@esbuild/darwin-x64": "0.25.5",
				"@esbuild/freebsd-arm64": "0.25.5",
				"@esbuild/freebsd-x64": "0.25.5",
				"@esbuild/linux-arm": "0.25.5",
				"@esbuild/linux-arm64": "0.25.5",
				"@esbuild/linux-ia32": "0.25.5",
				"@esbuild/linux-loong64": "0.25.5",
				"@esbuild/linux-mips64el": "0.25.5",
				"@esbuild/linux-ppc64": "0.25.5",
				"@esbuild/linux-riscv64": "0.25.5",
				"@esbuild/linux-s390x": "0.25.5",
				"@esbuild/linux-x64": "0.25.5",
				"@esbuild/netbsd-arm64": "0.25.5",
				"@esbuild/netbsd-x64": "0.25.5",
				"@esbuild/openbsd-arm64": "0.25.5",
				"@esbuild/openbsd-x64": "0.25.5",
				"@esbuild/sunos-x64": "0.25.5",
				"@esbuild/win32-arm64": "0.25.5",
				"@esbuild/win32-ia32": "0.25.5",
				"@esbuild/win32-x64": "0.25.5"
			}
		},
		"node_modules/hash.js": {
			"version": "1.1.7",
			"resolved": "https://registry.npmjs.org/hash.js/-/hash.js-1.1.7.tgz",
			"integrity": "sha512-taOaskGt4z4SOANNseOviYDvjEJinIkRgmp7LbKP2YTTmVxWBl87s/uzK9r+44BclBSp2X7K1hqeNfz9JbBeXA==",
			"license": "MIT",
			"dependencies": {
				"inherits": "^2.0.3",
				"minimalistic-assert": "^1.0.1"
			}
		},
		"node_modules/hmac-drbg": {
			"version": "1.0.1",
			"resolved": "https://registry.npmjs.org/hmac-drbg/-/hmac-drbg-1.0.1.tgz",
			"integrity": "sha512-Tti3gMqLdZfhOQY1Mzf/AanLiqh1WTiJgEj26ZuYQ9fbkLomzGchCws4FyrSd4VkpBfiNhaE1On+lOz894jvXg==",
			"license": "MIT",
			"dependencies": {
				"hash.js": "^1.0.3",
				"minimalistic-assert": "^1.0.0",
				"minimalistic-crypto-utils": "^1.0.1"
			}
		},
		"node_modules/inherits": {
			"version": "2.0.4",
			"resolved": "https://registry.npmjs.org/inherits/-/inherits-2.0.4.tgz",
			"integrity": "sha512-k/vGaX4/Yla3WzyMCvTQOXYeIHvqOKtnqBduzTHpzpQZzAskKMhZ2K+EnBiSM9zGSoIFeMpXKxa4dYeZIQqewQ==",
			"license": "ISC"
		},
		"node_modules/kaspa-wasm": {
			"version": "1.0.0",
			"resolved": "git+ssh://git@github.com/kaspeak/kaspa-wasm.git#a994ac2c4c61ddc1ac9b9038e05dd40e25c5da70",
			"license": "ISC"
		},
		"node_modules/linkify-it": {
			"version": "5.0.0",
			"resolved": "https://registry.npmjs.org/linkify-it/-/linkify-it-5.0.0.tgz",
			"integrity": "sha512-5aHCbzQRADcdP+ATqnDuhhJ/MRIqDkZX5pyjFHRRysS8vZ5AbqGEoFIb6pYHPZ+L/OC2Lc+xT8uHVVR5CAK/wQ==",
			"dev": true,
			"license": "MIT",
			"dependencies": {
				"uc.micro": "^2.0.0"
			}
		},
		"node_modules/loglevel": {
			"version": "1.9.2",
			"resolved": "https://registry.npmjs.org/loglevel/-/loglevel-1.9.2.tgz",
			"integrity": "sha512-HgMmCqIJSAKqo68l0rS2AanEWfkxaZ5wNiEFb5ggm08lDs9Xl2KxBlX3PTcaD2chBM1gXAYf491/M2Rv8Jwayg==",
			"license": "MIT",
			"engines": {
				"node": ">= 0.6.0"
			},
			"funding": {
				"type": "tidelift",
				"url": "https://tidelift.com/funding/github/npm/loglevel"
			}
		},
		"node_modules/lunr": {
			"version": "2.3.9",
			"resolved": "https://registry.npmjs.org/lunr/-/lunr-2.3.9.tgz",
			"integrity": "sha512-zTU3DaZaF3Rt9rhN3uBMGQD3dD2/vFQqnvZCDv4dl5iOzq2IZQqTxu90r4E5J+nP70J3ilqVCrbho2eWaeW8Ow==",
			"dev": true,
			"license": "MIT"
		},
		"node_modules/markdown-it": {
			"version": "14.1.0",
			"resolved": "https://registry.npmjs.org/markdown-it/-/markdown-it-14.1.0.tgz",
			"integrity": "sha512-a54IwgWPaeBCAAsv13YgmALOF1elABB08FxO9i+r4VFk5Vl4pKokRPeX8u5TCgSsPi6ec1otfLjdOpVcgbpshg==",
			"dev": true,
			"license": "MIT",
			"dependencies": {
				"argparse": "^2.0.1",
				"entities": "^4.4.0",
				"linkify-it": "^5.0.0",
				"mdurl": "^2.0.0",
				"punycode.js": "^2.3.1",
				"uc.micro": "^2.1.0"
			},
			"bin": {
				"markdown-it": "bin/markdown-it.mjs"
			}
		},
		"node_modules/mdurl": {
			"version": "2.0.0",
			"resolved": "https://registry.npmjs.org/mdurl/-/mdurl-2.0.0.tgz",
			"integrity": "sha512-Lf+9+2r+Tdp5wXDXC4PcIBjTDtq4UKjCPMQhKIuzpJNW0b96kVqSwW0bT7FhRSfmAiFYgP+SCRvdrDozfh0U5w==",
			"dev": true,
			"license": "MIT"
		},
		"node_modules/minimalistic-assert": {
			"version": "1.0.1",
			"resolved": "https://registry.npmjs.org/minimalistic-assert/-/minimalistic-assert-1.0.1.tgz",
			"integrity": "sha512-UtJcAD4yEaGtjPezWuO9wC4nwUnVH/8/Im3yEHQP4b67cXlD/Qr9hdITCU1xDbSEXg2XKNaP8jsReV7vQd00/A==",
			"license": "ISC"
		},
		"node_modules/minimalistic-crypto-utils": {
			"version": "1.0.1",
			"resolved": "https://registry.npmjs.org/minimalistic-crypto-utils/-/minimalistic-crypto-utils-1.0.1.tgz",
			"integrity": "sha512-JIYlbt6g8i5jKfJ3xz7rF0LXmv2TkDxBLUkiBeZ7bAx4GnnNMr8xFpGnOxn6GhTEHx3SjRrZEoU+j04prX1ktg==",
			"license": "MIT"
		},
		"node_modules/minimatch": {
			"version": "9.0.5",
			"resolved": "https://registry.npmjs.org/minimatch/-/minimatch-9.0.5.tgz",
			"integrity": "sha512-G6T0ZX48xgozx7587koeX9Ys2NYy6Gmv//P89sEte9V9whIapMNF4idKxnW2QtCcLiTWlb/wfCabAtAFWhhBow==",
			"dev": true,
			"license": "ISC",
			"dependencies": {
				"brace-expansion": "^2.0.1"
			},
			"engines": {
				"node": ">=16 || 14 >=14.17"
			},
			"funding": {
				"url": "https://github.com/sponsors/isaacs"
			}
		},
		"node_modules/punycode.js": {
			"version": "2.3.1",
			"resolved": "https://registry.npmjs.org/punycode.js/-/punycode.js-2.3.1.tgz",
			"integrity": "sha512-uxFIHU0YlHYhDQtV4R9J6a52SLx28BCjT+4ieh7IGbgwVJWO+km431c4yRlREUAsAmt/uMjQUyQHNEPf0M39CA==",
			"dev": true,
			"license": "MIT",
			"engines": {
				"node": ">=6"
			}
		},
		"node_modules/typedoc": {
			"version": "0.28.7",
			"resolved": "https://registry.npmjs.org/typedoc/-/typedoc-0.28.7.tgz",
			"integrity": "sha512-lpz0Oxl6aidFkmS90VQDQjk/Qf2iw0IUvFqirdONBdj7jPSN9mGXhy66BcGNDxx5ZMyKKiBVAREvPEzT6Uxipw==",
			"dev": true,
			"license": "Apache-2.0",
			"dependencies": {
				"@gerrit0/mini-shiki": "^3.7.0",
				"lunr": "^2.3.9",
				"markdown-it": "^14.1.0",
				"minimatch": "^9.0.5",
				"yaml": "^2.8.0"
			},
			"bin": {
				"typedoc": "bin/typedoc"
			},
			"engines": {
				"node": ">= 18",
				"pnpm": ">= 10"
			},
			"peerDependencies": {
				"typescript": "5.0.x || 5.1.x || 5.2.x || 5.3.x || 5.4.x || 5.5.x || 5.6.x || 5.7.x || 5.8.x"
			}
		},
		"node_modules/typedoc-plugin-markdown": {
			"version": "4.7.0",
			"resolved": "https://registry.npmjs.org/typedoc-plugin-markdown/-/typedoc-plugin-markdown-4.7.0.tgz",
			"integrity": "sha512-PitbnAps2vpcqK2gargKoiFXLWFttvwUbyns/E6zGIFG5Gz8ZQJGttHnYR9csOlcSjB/uyjd8tnoayrtsXG17w==",
			"dev": true,
			"license": "MIT",
			"engines": {
				"node": ">= 18"
			},
			"peerDependencies": {
				"typedoc": "0.28.x"
			}
		},
		"node_modules/typescript": {
			"version": "5.8.3",
			"resolved": "https://registry.npmjs.org/typescript/-/typescript-5.8.3.tgz",
			"integrity": "sha512-p1diW6TqL9L07nNxvRMM7hMMw4c5XOo/1ibL4aAIGmSAt9slTE1Xgw5KWuof2uTOvCg9BY7ZRi+GaF+7sfgPeQ==",
			"dev": true,
			"license": "Apache-2.0",
			"bin": {
				"tsc": "bin/tsc",
				"tsserver": "bin/tsserver"
			},
			"engines": {
				"node": ">=14.17"
			}
		},
		"node_modules/uc.micro": {
			"version": "2.1.0",
			"resolved": "https://registry.npmjs.org/uc.micro/-/uc.micro-2.1.0.tgz",
			"integrity": "sha512-ARDJmphmdvUk6Glw7y9DQ2bFkKBHwQHLi2lsaH6PPmz/Ka9sFOBsBluozhDltWmnv9u/cF6Rt87znRTPV+yp/A==",
			"dev": true,
			"license": "MIT"
		},
		"node_modules/undici-types": {
			"version": "7.8.0",
			"resolved": "https://registry.npmjs.org/undici-types/-/undici-types-7.8.0.tgz",
			"integrity": "sha512-9UJ2xGDvQ43tYyVMpuHlsgApydB8ZKfVYTsLDhXkFL/6gfkp+U8xTGdh8pMJv1SpZna0zxG1DwsKZsreLbXBxw==",
			"dev": true,
			"license": "MIT"
		},
		"node_modules/yaml": {
			"version": "2.8.0",
			"resolved": "https://registry.npmjs.org/yaml/-/yaml-2.8.0.tgz",
			"integrity": "sha512-4lLa/EcQCB0cJkyts+FpIRx5G/llPxfP6VQU5KByHEhLxY3IJCH0f0Hy1MHI8sClTvsIb8qwRJ6R/ZdlDJ/leQ==",
			"dev": true,
			"license": "ISC",
			"bin": {
				"yaml": "bin.mjs"
			},
			"engines": {
				"node": ">= 14.6"
			}
		}
	}
}
